
Microsoft Visual Studio Solution File, Format Version 12.00
# Visual Studio Version 17
VisualStudioVersion = 17.5.2.0
MinimumVisualStudioVersion = 10.0.40219.1
Project("{2150E333-8FDC-42A3-9474-1A3956D46DE8}") = "wavy", "wavy", "{248A0CDA-0340-B95B-B042-AD2401F36041}"
EndProject
Project("{FAE04EC0-301F-11D3-BF4B-00C04F79EFBC}") = "aggregator", "wavy\aggregator\aggregator.csproj", "{D6611AD6-BBBA-136A-8557-BAD385FCC119}"
EndProject
Project("{FAE04EC0-301F-11D3-BF4B-00C04F79EFBC}") = "server", "wavy\server\server.csproj", "{BB48CA57-2548-E98F-D40A-64DAD96F50D2}"
EndProject
Project("{FAE04EC0-301F-11D3-BF4B-00C04F79EFBC}") = "wavy", "wavy\wavy\wavy.csproj", "{8067374E-4318-660E-4B50-D8F5497452CF}"
EndProject
Global
	GlobalSection(SolutionConfigurationPlatforms) = preSolution
		Debug|Any CPU = Debug|Any CPU
		Release|Any CPU = Release|Any CPU
	EndGlobalSection
	GlobalSection(ProjectConfigurationPlatforms) = postSolution
		{D6611AD6-BBBA-136A-8557-BAD385FCC119}.Debug|Any CPU.ActiveCfg = Debug|Any CPU
		{D6611AD6-BBBA-136A-8557-BAD385FCC119}.Debug|Any CPU.Build.0 = Debug|Any CPU
		{D6611AD6-BBBA-136A-8557-BAD385FCC119}.Release|Any CPU.ActiveCfg = Release|Any CPU
		{D6611AD6-BBBA-136A-8557-BAD385FCC119}.Release|Any CPU.Build.0 = Release|Any CPU
		{BB48CA57-2548-E98F-D40A-64DAD96F50D2}.Debug|Any CPU.ActiveCfg = Debug|Any CPU
		{BB48CA57-2548-E98F-D40A-64DAD96F50D2}.Debug|Any CPU.Build.0 = Debug|Any CPU
		{BB48CA57-2548-E98F-D40A-64DAD96F50D2}.Release|Any CPU.ActiveCfg = Release|Any CPU
		{BB48CA57-2548-E98F-D40A-64DAD96F50D2}.Release|Any CPU.Build.0 = Release|Any CPU
		{8067374E-4318-660E-4B50-D8F5497452CF}.Debug|Any CPU.ActiveCfg = Debug|Any CPU
		{8067374E-4318-660E-4B50-D8F5497452CF}.Debug|Any CPU.Build.0 = Debug|Any CPU
		{8067374E-4318-660E-4B50-D8F5497452CF}.Release|Any CPU.ActiveCfg = Release|Any CPU
		{8067374E-4318-660E-4B50-D8F5497452CF}.Release|Any CPU.Build.0 = Release|Any CPU
	EndGlobalSection
	GlobalSection(SolutionProperties) = preSolution
		HideSolutionNode = FALSE
	EndGlobalSection
	GlobalSection(NestedProjects) = preSolution
		{D6611AD6-BBBA-136A-8557-BAD385FCC119} = {248A0CDA-0340-B95B-B042-AD2401F36041}
		{BB48CA57-2548-E98F-D40A-64DAD96F50D2} = {248A0CDA-0340-B95B-B042-AD2401F36041}
		{8067374E-4318-660E-4B50-D8F5497452CF} = {248A0CDA-0340-B95B-B042-AD2401F36041}
	EndGlobalSection
	GlobalSection(ExtensibilityGlobals) = postSolution
		SolutionGuid = {3AD78949-3CBE-40DC-AF0C-A6CF95D2986B}
	EndGlobalSection
EndGlobal
